
Microsoft Visual Studio Solution File, Format Version 12.00
# Visual Studio Version 16
VisualStudioVersion = 16.0.29230.47
MinimumVisualStudioVersion = 10.0.40219.1
Project("{9A19103F-16F7-4668-BE54-9A1E7A4F7556}") = "SFA-DAS-HMRC-API-Stub", "SFA-DAS-HMRC-API-Stub\SFA-DAS-HMRC-API-Stub.csproj", "{79C9D55B-7224-476A-B0FB-EB5BB5E6629F}"
EndProject
Project("{9A19103F-16F7-4668-BE54-9A1E7A4F7556}") = "SFA-DAS-HMRC-API-Stub.Domain", "SFA-DAS-HMRC-API-Stub.Domain\SFA-DAS-HMRC-API-Stub.Domain.csproj", "{D0B7DC63-E313-4179-9A00-F0B4EEE0D6B3}"
EndProject
Project("{9A19103F-16F7-4668-BE54-9A1E7A4F7556}") = "SFA-DAS-HMRC-API-Stub.Data", "SFA-DAS-HMRC-API-Stub.Data\SFA-DAS-HMRC-API-Stub.Data.csproj", "{78E462E6-11CA-4729-AD3B-9B0BB5066F6E}"
EndProject
Project("{2150E333-8FDC-42A3-9474-1A3956D46DE8}") = "Tests", "Tests", "{943B43FC-566C-425A-B699-104CDEE26588}"
EndProject
Project("{9A19103F-16F7-4668-BE54-9A1E7A4F7556}") = "SFA-DAS-HMRC-API-Stub.Application", "SFA-DAS-HMRC-API-Stub.Application\SFA-DAS-HMRC-API-Stub.Application.csproj", "{8D343640-4679-4800-BEEE-083D56FF7064}"
EndProject
Project("{9A19103F-16F7-4668-BE54-9A1E7A4F7556}") = "SFA-DAS-HMRC-API-Stub.Application.Tests", "SFA-DAS-HMRC-API-Stub.Application.Tests\SFA-DAS-HMRC-API-Stub.Application.Tests.csproj", "{A6A9EB42-5A37-4435-91CE-9FB3FBB95595}"
EndProject
Project("{2150E333-8FDC-42A3-9474-1A3956D46DE8}") = "TaxService", "TaxService", "{86BB1F22-CADF-47F9-9F3B-35C0A3BBCE0A}"
EndProject
Project("{FAE04EC0-301F-11D3-BF4B-00C04F79EFBC}") = "SFA-DAS-TaxService-Stub", "TaxService\SFA-DAS-TaxService-Stub\SFA-DAS-TaxService-Stub.csproj", "{9B023E49-C96D-42B8-AB9A-D043EFC50EEF}"
EndProject
Project("{FAE04EC0-301F-11D3-BF4B-00C04F79EFBC}") = "SFA-DAS-HMRC-Api-Stub.Configuration", "SFA-DAS-HMRC-Api-Stub.Configuration\SFA-DAS-HMRC-Api-Stub.Configuration.csproj", "{2194DE4D-253A-46FC-96EB-B487FD0DC3ED}"
EndProject
Global
	GlobalSection(SolutionConfigurationPlatforms) = preSolution
		Debug|Any CPU = Debug|Any CPU
		Release|Any CPU = Release|Any CPU
	EndGlobalSection
	GlobalSection(ProjectConfigurationPlatforms) = postSolution
		{79C9D55B-7224-476A-B0FB-EB5BB5E6629F}.Debug|Any CPU.ActiveCfg = Debug|Any CPU
		{79C9D55B-7224-476A-B0FB-EB5BB5E6629F}.Debug|Any CPU.Build.0 = Debug|Any CPU
		{79C9D55B-7224-476A-B0FB-EB5BB5E6629F}.Release|Any CPU.ActiveCfg = Release|Any CPU
		{79C9D55B-7224-476A-B0FB-EB5BB5E6629F}.Release|Any CPU.Build.0 = Release|Any CPU
		{D0B7DC63-E313-4179-9A00-F0B4EEE0D6B3}.Debug|Any CPU.ActiveCfg = Debug|Any CPU
		{D0B7DC63-E313-4179-9A00-F0B4EEE0D6B3}.Debug|Any CPU.Build.0 = Debug|Any CPU
		{D0B7DC63-E313-4179-9A00-F0B4EEE0D6B3}.Release|Any CPU.ActiveCfg = Release|Any CPU
		{D0B7DC63-E313-4179-9A00-F0B4EEE0D6B3}.Release|Any CPU.Build.0 = Release|Any CPU
		{78E462E6-11CA-4729-AD3B-9B0BB5066F6E}.Debug|Any CPU.ActiveCfg = Debug|Any CPU
		{78E462E6-11CA-4729-AD3B-9B0BB5066F6E}.Debug|Any CPU.Build.0 = Debug|Any CPU
		{78E462E6-11CA-4729-AD3B-9B0BB5066F6E}.Release|Any CPU.ActiveCfg = Release|Any CPU
		{78E462E6-11CA-4729-AD3B-9B0BB5066F6E}.Release|Any CPU.Build.0 = Release|Any CPU
		{8D343640-4679-4800-BEEE-083D56FF7064}.Debug|Any CPU.ActiveCfg = Debug|Any CPU
		{8D343640-4679-4800-BEEE-083D56FF7064}.Debug|Any CPU.Build.0 = Debug|Any CPU
		{8D343640-4679-4800-BEEE-083D56FF7064}.Release|Any CPU.ActiveCfg = Release|Any CPU
		{8D343640-4679-4800-BEEE-083D56FF7064}.Release|Any CPU.Build.0 = Release|Any CPU
		{A6A9EB42-5A37-4435-91CE-9FB3FBB95595}.Debug|Any CPU.ActiveCfg = Debug|Any CPU
		{A6A9EB42-5A37-4435-91CE-9FB3FBB95595}.Debug|Any CPU.Build.0 = Debug|Any CPU
		{A6A9EB42-5A37-4435-91CE-9FB3FBB95595}.Release|Any CPU.ActiveCfg = Release|Any CPU
		{A6A9EB42-5A37-4435-91CE-9FB3FBB95595}.Release|Any CPU.Build.0 = Release|Any CPU
		{9B023E49-C96D-42B8-AB9A-D043EFC50EEF}.Debug|Any CPU.ActiveCfg = Debug|Any CPU
		{9B023E49-C96D-42B8-AB9A-D043EFC50EEF}.Debug|Any CPU.Build.0 = Debug|Any CPU
		{9B023E49-C96D-42B8-AB9A-D043EFC50EEF}.Release|Any CPU.ActiveCfg = Release|Any CPU
		{9B023E49-C96D-42B8-AB9A-D043EFC50EEF}.Release|Any CPU.Build.0 = Release|Any CPU
		{2194DE4D-253A-46FC-96EB-B487FD0DC3ED}.Debug|Any CPU.ActiveCfg = Debug|Any CPU
		{2194DE4D-253A-46FC-96EB-B487FD0DC3ED}.Debug|Any CPU.Build.0 = Debug|Any CPU
		{2194DE4D-253A-46FC-96EB-B487FD0DC3ED}.Release|Any CPU.ActiveCfg = Release|Any CPU
		{2194DE4D-253A-46FC-96EB-B487FD0DC3ED}.Release|Any CPU.Build.0 = Release|Any CPU
	EndGlobalSection
	GlobalSection(SolutionProperties) = preSolution
		HideSolutionNode = FALSE
	EndGlobalSection
	GlobalSection(NestedProjects) = preSolution
		{A6A9EB42-5A37-4435-91CE-9FB3FBB95595} = {943B43FC-566C-425A-B699-104CDEE26588}
		{9B023E49-C96D-42B8-AB9A-D043EFC50EEF} = {86BB1F22-CADF-47F9-9F3B-35C0A3BBCE0A}
	EndGlobalSection
	GlobalSection(ExtensibilityGlobals) = postSolution
		SolutionGuid = {CF69C611-830E-4F93-B32F-076A6986D025}
	EndGlobalSection
EndGlobal
